
Microsoft Visual Studio Solution File, Format Version 12.00
# Visual Studio 14
VisualStudioVersion = 14.0.25420.1
MinimumVisualStudioVersion = 10.0.40219.1
Project("{FAE04EC0-301F-11D3-BF4B-00C04F79EFBC}") = "WebApiCacheDemo", "WebApiCacheDemo\WebApiCacheDemo.csproj", "{50CED82A-A05C-4A7E-AD14-CECCC4F6297E}"
EndProject
Project("{FAE04EC0-301F-11D3-BF4B-00C04F79EFBC}") = "WebApiCacheDemo.Mvc", "WebApiCacheDemo.Mvc\WebApiCacheDemo.Mvc.csproj", "{2404C7F5-9C91-4548-8AEE-BB0F9477A587}"
EndProject
Project("{FAE04EC0-301F-11D3-BF4B-00C04F79EFBC}") = "WebApiCacheDemo.Contracts", "WebApiCacheDemo.Contracts\WebApiCacheDemo.Contracts.csproj", "{50F256DF-F970-4794-8B8F-FC7091892038}"
EndProject
Global
	GlobalSection(SolutionConfigurationPlatforms) = preSolution
		Debug|Any CPU = Debug|Any CPU
		Release|Any CPU = Release|Any CPU
	EndGlobalSection
	GlobalSection(ProjectConfigurationPlatforms) = postSolution
		{50CED82A-A05C-4A7E-AD14-CECCC4F6297E}.Debug|Any CPU.ActiveCfg = Debug|Any CPU
		{50CED82A-A05C-4A7E-AD14-CECCC4F6297E}.Debug|Any CPU.Build.0 = Debug|Any CPU
		{50CED82A-A05C-4A7E-AD14-CECCC4F6297E}.Release|Any CPU.ActiveCfg = Release|Any CPU
		{50CED82A-A05C-4A7E-AD14-CECCC4F6297E}.Release|Any CPU.Build.0 = Release|Any CPU
		{2404C7F5-9C91-4548-8AEE-BB0F9477A587}.Debug|Any CPU.ActiveCfg = Debug|Any CPU
		{2404C7F5-9C91-4548-8AEE-BB0F9477A587}.Debug|Any CPU.Build.0 = Debug|Any CPU
		{2404C7F5-9C91-4548-8AEE-BB0F9477A587}.Release|Any CPU.ActiveCfg = Release|Any CPU
		{2404C7F5-9C91-4548-8AEE-BB0F9477A587}.Release|Any CPU.Build.0 = Release|Any CPU
		{50F256DF-F970-4794-8B8F-FC7091892038}.Debug|Any CPU.ActiveCfg = Debug|Any CPU
		{50F256DF-F970-4794-8B8F-FC7091892038}.Debug|Any CPU.Build.0 = Debug|Any CPU
		{50F256DF-F970-4794-8B8F-FC7091892038}.Release|Any CPU.ActiveCfg = Release|Any CPU
		{50F256DF-F970-4794-8B8F-FC7091892038}.Release|Any CPU.Build.0 = Release|Any CPU
	EndGlobalSection
	GlobalSection(SolutionProperties) = preSolution
		HideSolutionNode = FALSE
	EndGlobalSection
EndGlobal
